
Microsoft Visual Studio Solution File, Format Version 12.00
# Visual Studio Version 16
VisualStudioVersion = 16.0.31129.286
MinimumVisualStudioVersion = 10.0.40219.1
Project("{FAE04EC0-301F-11D3-BF4B-00C04F79EFBC}") = "PokemonBot-sample", "PokemonBot-sample.csproj", "{B9229C14-5527-425A-95C3-A841EE122FE2}"
EndProject
Global
	GlobalSection(SolutionConfigurationPlatforms) = preSolution
		Debug|Any CPU = Debug|Any CPU
		Release|Any CPU = Release|Any CPU
	EndGlobalSection
	GlobalSection(ProjectConfigurationPlatforms) = postSolution
		{B9229C14-5527-425A-95C3-A841EE122FE2}.Debug|Any CPU.ActiveCfg = Debug|Any CPU
		{B9229C14-5527-425A-95C3-A841EE122FE2}.Debug|Any CPU.Build.0 = Debug|Any CPU
		{B9229C14-5527-425A-95C3-A841EE122FE2}.Release|Any CPU.ActiveCfg = Release|Any CPU
		{B9229C14-5527-425A-95C3-A841EE122FE2}.Release|Any CPU.Build.0 = Release|Any CPU
	EndGlobalSection
	GlobalSection(SolutionProperties) = preSolution
		HideSolutionNode = FALSE
	EndGlobalSection
	GlobalSection(ExtensibilityGlobals) = postSolution
		SolutionGuid = {90BA674C-170C-4166-92AE-FEE592A9D25E}
	EndGlobalSection
EndGlobal
